
Microsoft Visual Studio Solution File, Format Version 12.00
# Visual Studio 14
VisualStudioVersion = 14.0.24720.0
MinimumVisualStudioVersion = 10.0.40219.1
Project("{FAE04EC0-301F-11D3-BF4B-00C04F79EFBC}") = "ThreadingThreadSafeEntities", "ThreadingThreadSafeEntities\ThreadingThreadSafeEntities.csproj", "{67011748-F8EC-4C58-9E2A-1755FCD576BE}"
EndProject
Project("{FAE04EC0-301F-11D3-BF4B-00C04F79EFBC}") = "ThreadingLock", "ThreadingLock\ThreadingLock.csproj", "{7A3A1A43-A3F6-4957-A953-CE6C84AF996E}"
EndProject
Project("{FAE04EC0-301F-11D3-BF4B-00C04F79EFBC}") = "ThreadingCreationAndUsage", "ThreadingCreationAndUsage\ThreadingCreationAndUsage.csproj", "{F69FC3CB-5435-49DE-90F9-512362CB8DA5}"
EndProject
Global
	GlobalSection(SolutionConfigurationPlatforms) = preSolution
		Debug|Any CPU = Debug|Any CPU
		Release|Any CPU = Release|Any CPU
	EndGlobalSection
	GlobalSection(ProjectConfigurationPlatforms) = postSolution
		{67011748-F8EC-4C58-9E2A-1755FCD576BE}.Debug|Any CPU.ActiveCfg = Debug|Any CPU
		{67011748-F8EC-4C58-9E2A-1755FCD576BE}.Debug|Any CPU.Build.0 = Debug|Any CPU
		{67011748-F8EC-4C58-9E2A-1755FCD576BE}.Release|Any CPU.ActiveCfg = Release|Any CPU
		{67011748-F8EC-4C58-9E2A-1755FCD576BE}.Release|Any CPU.Build.0 = Release|Any CPU
		{7A3A1A43-A3F6-4957-A953-CE6C84AF996E}.Debug|Any CPU.ActiveCfg = Debug|Any CPU
		{7A3A1A43-A3F6-4957-A953-CE6C84AF996E}.Debug|Any CPU.Build.0 = Debug|Any CPU
		{7A3A1A43-A3F6-4957-A953-CE6C84AF996E}.Release|Any CPU.ActiveCfg = Release|Any CPU
		{7A3A1A43-A3F6-4957-A953-CE6C84AF996E}.Release|Any CPU.Build.0 = Release|Any CPU
		{F69FC3CB-5435-49DE-90F9-512362CB8DA5}.Debug|Any CPU.ActiveCfg = Debug|Any CPU
		{F69FC3CB-5435-49DE-90F9-512362CB8DA5}.Debug|Any CPU.Build.0 = Debug|Any CPU
		{F69FC3CB-5435-49DE-90F9-512362CB8DA5}.Release|Any CPU.ActiveCfg = Release|Any CPU
		{F69FC3CB-5435-49DE-90F9-512362CB8DA5}.Release|Any CPU.Build.0 = Release|Any CPU
	EndGlobalSection
	GlobalSection(SolutionProperties) = preSolution
		HideSolutionNode = FALSE
	EndGlobalSection
EndGlobal
