
Microsoft Visual Studio Solution File, Format Version 12.00
# Visual Studio 14
VisualStudioVersion = 14.0.24720.0
MinimumVisualStudioVersion = 10.0.40219.1
Project("{FAE04EC0-301F-11D3-BF4B-00C04F79EFBC}") = "EntityFrameworkCodeFirst", "EntityFrameworkCodeFirst\EntityFrameworkCodeFirst.csproj", "{93264C8B-2206-4BF8-BB47-2ADFD1815DDA}"
EndProject
Project("{FAE04EC0-301F-11D3-BF4B-00C04F79EFBC}") = "SqlConnectToCSharp", "SqlConnectToC\SqlConnectToCSharp.csproj", "{1B4B3A30-7874-46CC-88DD-A1549E4C858B}"
EndProject
Project("{FAE04EC0-301F-11D3-BF4B-00C04F79EFBC}") = "LinqToSQL", "LinqToSQL\LinqToSQL.csproj", "{B0EB55BF-2967-4661-B210-1B9D4848A0DB}"
EndProject
Global
	GlobalSection(SolutionConfigurationPlatforms) = preSolution
		Debug|Any CPU = Debug|Any CPU
		Release|Any CPU = Release|Any CPU
	EndGlobalSection
	GlobalSection(ProjectConfigurationPlatforms) = postSolution
		{93264C8B-2206-4BF8-BB47-2ADFD1815DDA}.Debug|Any CPU.ActiveCfg = Debug|Any CPU
		{93264C8B-2206-4BF8-BB47-2ADFD1815DDA}.Debug|Any CPU.Build.0 = Debug|Any CPU
		{93264C8B-2206-4BF8-BB47-2ADFD1815DDA}.Release|Any CPU.ActiveCfg = Release|Any CPU
		{93264C8B-2206-4BF8-BB47-2ADFD1815DDA}.Release|Any CPU.Build.0 = Release|Any CPU
		{1B4B3A30-7874-46CC-88DD-A1549E4C858B}.Debug|Any CPU.ActiveCfg = Debug|Any CPU
		{1B4B3A30-7874-46CC-88DD-A1549E4C858B}.Debug|Any CPU.Build.0 = Debug|Any CPU
		{1B4B3A30-7874-46CC-88DD-A1549E4C858B}.Release|Any CPU.ActiveCfg = Release|Any CPU
		{1B4B3A30-7874-46CC-88DD-A1549E4C858B}.Release|Any CPU.Build.0 = Release|Any CPU
		{B0EB55BF-2967-4661-B210-1B9D4848A0DB}.Debug|Any CPU.ActiveCfg = Debug|Any CPU
		{B0EB55BF-2967-4661-B210-1B9D4848A0DB}.Debug|Any CPU.Build.0 = Debug|Any CPU
		{B0EB55BF-2967-4661-B210-1B9D4848A0DB}.Release|Any CPU.ActiveCfg = Release|Any CPU
		{B0EB55BF-2967-4661-B210-1B9D4848A0DB}.Release|Any CPU.Build.0 = Release|Any CPU
	EndGlobalSection
	GlobalSection(SolutionProperties) = preSolution
		HideSolutionNode = FALSE
	EndGlobalSection
EndGlobal
