
Microsoft Visual Studio Solution File, Format Version 12.00
# Visual Studio 14
VisualStudioVersion = 14.0.24720.0
MinimumVisualStudioVersion = 10.0.40219.1
Project("{FAE04EC0-301F-11D3-BF4B-00C04F79EFBC}") = "DebuggerDisplay", "DebuggerDisplay\DebuggerDisplay.csproj", "{9B345879-B3C8-44B4-8512-D42F5B465D2E}"
EndProject
Global
	GlobalSection(SolutionConfigurationPlatforms) = preSolution
		Debug|Any CPU = Debug|Any CPU
		Release|Any CPU = Release|Any CPU
	EndGlobalSection
	GlobalSection(ProjectConfigurationPlatforms) = postSolution
		{9B345879-B3C8-44B4-8512-D42F5B465D2E}.Debug|Any CPU.ActiveCfg = Debug|Any CPU
		{9B345879-B3C8-44B4-8512-D42F5B465D2E}.Debug|Any CPU.Build.0 = Debug|Any CPU
		{9B345879-B3C8-44B4-8512-D42F5B465D2E}.Release|Any CPU.ActiveCfg = Release|Any CPU
		{9B345879-B3C8-44B4-8512-D42F5B465D2E}.Release|Any CPU.Build.0 = Release|Any CPU
	EndGlobalSection
	GlobalSection(SolutionProperties) = preSolution
		HideSolutionNode = FALSE
	EndGlobalSection
EndGlobal
